
Microsoft Visual Studio Solution File, Format Version 12.00
# Visual Studio Version 17
VisualStudioVersion = 17.1.32210.238
MinimumVisualStudioVersion = 10.0.40219.1
Project("{FAE04EC0-301F-11D3-BF4B-00C04F79EFBC}") = "PracticaWebApi.UI", "PracticaWebApi.UI\PracticaWebApi.UI.csproj", "{95C3F7F9-D532-482D-9FF8-A444D60E8F78}"
EndProject
Project("{FAE04EC0-301F-11D3-BF4B-00C04F79EFBC}") = "PracticaWebApi.Service", "PracticaWebApi.Service\PracticaWebApi.Service.csproj", "{614B209A-5663-43C2-B3FB-4F52469982B2}"
EndProject
Project("{FAE04EC0-301F-11D3-BF4B-00C04F79EFBC}") = "PracticaWebApi.Logic", "PracticaWebApi.Logic\PracticaWebApi.Logic.csproj", "{1C90CEB1-A0AD-4C7C-AC04-D2F0622D2709}"
EndProject
Project("{FAE04EC0-301F-11D3-BF4B-00C04F79EFBC}") = "PracticaWebApi.Data", "PracticaWebApi.Data\PracticaWebApi.Data.csproj", "{77DB3DE6-376A-407D-8212-1FFCDDD80799}"
EndProject
Project("{FAE04EC0-301F-11D3-BF4B-00C04F79EFBC}") = "PracticaWebApi.Entities", "PracticaWebApi.Entities\PracticaWebApi.Entities.csproj", "{4027A96A-AAC6-437B-A028-98D942DDD940}"
EndProject
Global
	GlobalSection(SolutionConfigurationPlatforms) = preSolution
		Debug|Any CPU = Debug|Any CPU
		Release|Any CPU = Release|Any CPU
	EndGlobalSection
	GlobalSection(ProjectConfigurationPlatforms) = postSolution
		{95C3F7F9-D532-482D-9FF8-A444D60E8F78}.Debug|Any CPU.ActiveCfg = Debug|Any CPU
		{95C3F7F9-D532-482D-9FF8-A444D60E8F78}.Debug|Any CPU.Build.0 = Debug|Any CPU
		{95C3F7F9-D532-482D-9FF8-A444D60E8F78}.Release|Any CPU.ActiveCfg = Release|Any CPU
		{95C3F7F9-D532-482D-9FF8-A444D60E8F78}.Release|Any CPU.Build.0 = Release|Any CPU
		{614B209A-5663-43C2-B3FB-4F52469982B2}.Debug|Any CPU.ActiveCfg = Debug|Any CPU
		{614B209A-5663-43C2-B3FB-4F52469982B2}.Debug|Any CPU.Build.0 = Debug|Any CPU
		{614B209A-5663-43C2-B3FB-4F52469982B2}.Release|Any CPU.ActiveCfg = Release|Any CPU
		{614B209A-5663-43C2-B3FB-4F52469982B2}.Release|Any CPU.Build.0 = Release|Any CPU
		{1C90CEB1-A0AD-4C7C-AC04-D2F0622D2709}.Debug|Any CPU.ActiveCfg = Debug|Any CPU
		{1C90CEB1-A0AD-4C7C-AC04-D2F0622D2709}.Debug|Any CPU.Build.0 = Debug|Any CPU
		{1C90CEB1-A0AD-4C7C-AC04-D2F0622D2709}.Release|Any CPU.ActiveCfg = Release|Any CPU
		{1C90CEB1-A0AD-4C7C-AC04-D2F0622D2709}.Release|Any CPU.Build.0 = Release|Any CPU
		{77DB3DE6-376A-407D-8212-1FFCDDD80799}.Debug|Any CPU.ActiveCfg = Debug|Any CPU
		{77DB3DE6-376A-407D-8212-1FFCDDD80799}.Debug|Any CPU.Build.0 = Debug|Any CPU
		{77DB3DE6-376A-407D-8212-1FFCDDD80799}.Release|Any CPU.ActiveCfg = Release|Any CPU
		{77DB3DE6-376A-407D-8212-1FFCDDD80799}.Release|Any CPU.Build.0 = Release|Any CPU
		{4027A96A-AAC6-437B-A028-98D942DDD940}.Debug|Any CPU.ActiveCfg = Debug|Any CPU
		{4027A96A-AAC6-437B-A028-98D942DDD940}.Debug|Any CPU.Build.0 = Debug|Any CPU
		{4027A96A-AAC6-437B-A028-98D942DDD940}.Release|Any CPU.ActiveCfg = Release|Any CPU
		{4027A96A-AAC6-437B-A028-98D942DDD940}.Release|Any CPU.Build.0 = Release|Any CPU
	EndGlobalSection
	GlobalSection(SolutionProperties) = preSolution
		HideSolutionNode = FALSE
	EndGlobalSection
	GlobalSection(ExtensibilityGlobals) = postSolution
		SolutionGuid = {949AA370-0819-41BA-99A4-FE31E4A2A92A}
	EndGlobalSection
EndGlobal
